
Microsoft Visual Studio Solution File, Format Version 12.00
# Visual Studio Version 16
VisualStudioVersion = 16.0.32002.261
MinimumVisualStudioVersion = 10.0.40219.1
Project("{FAE04EC0-301F-11D3-BF4B-00C04F79EFBC}") = "DataStructure_Example_0", "DataStructure_Example_0\DataStructure_Example_0.csproj", "{F24BDFF0-F989-4935-86BA-9310C2A4998F}"
EndProject
Global
	GlobalSection(SolutionConfigurationPlatforms) = preSolution
		Debug|Any CPU = Debug|Any CPU
		Release|Any CPU = Release|Any CPU
	EndGlobalSection
	GlobalSection(ProjectConfigurationPlatforms) = postSolution
		{F24BDFF0-F989-4935-86BA-9310C2A4998F}.Debug|Any CPU.ActiveCfg = Debug|Any CPU
		{F24BDFF0-F989-4935-86BA-9310C2A4998F}.Debug|Any CPU.Build.0 = Debug|Any CPU
		{F24BDFF0-F989-4935-86BA-9310C2A4998F}.Release|Any CPU.ActiveCfg = Release|Any CPU
		{F24BDFF0-F989-4935-86BA-9310C2A4998F}.Release|Any CPU.Build.0 = Release|Any CPU
	EndGlobalSection
	GlobalSection(SolutionProperties) = preSolution
		HideSolutionNode = FALSE
	EndGlobalSection
	GlobalSection(ExtensibilityGlobals) = postSolution
		SolutionGuid = {FFCDB319-DF6F-477B-8284-B8157FFBB97D}
	EndGlobalSection
EndGlobal
